
Microsoft Visual Studio Solution File, Format Version 12.00
Project("{FAE04EC0-301F-11D3-BF4B-00C04F79EFBC}") = "DrakersChart", "src\DrakersChart\DrakersChart.csproj", "{EE830271-9C0B-46B1-B10C-B94DB1D043CF}"
EndProject
Project("{FAE04EC0-301F-11D3-BF4B-00C04F79EFBC}") = "TestUI", "src\TestUI\TestUI.csproj", "{76725CE7-0525-4430-9302-DC5F8C4EC595}"
EndProject
Global
	GlobalSection(SolutionConfigurationPlatforms) = preSolution
		Debug|Any CPU = Debug|Any CPU
		Release|Any CPU = Release|Any CPU
	EndGlobalSection
	GlobalSection(ProjectConfigurationPlatforms) = postSolution
		{EE830271-9C0B-46B1-B10C-B94DB1D043CF}.Debug|Any CPU.ActiveCfg = Debug|Any CPU
		{EE830271-9C0B-46B1-B10C-B94DB1D043CF}.Debug|Any CPU.Build.0 = Debug|Any CPU
		{EE830271-9C0B-46B1-B10C-B94DB1D043CF}.Release|Any CPU.ActiveCfg = Release|Any CPU
		{EE830271-9C0B-46B1-B10C-B94DB1D043CF}.Release|Any CPU.Build.0 = Release|Any CPU
		{76725CE7-0525-4430-9302-DC5F8C4EC595}.Debug|Any CPU.ActiveCfg = Debug|Any CPU
		{76725CE7-0525-4430-9302-DC5F8C4EC595}.Debug|Any CPU.Build.0 = Debug|Any CPU
		{76725CE7-0525-4430-9302-DC5F8C4EC595}.Release|Any CPU.ActiveCfg = Release|Any CPU
		{76725CE7-0525-4430-9302-DC5F8C4EC595}.Release|Any CPU.Build.0 = Release|Any CPU
	EndGlobalSection
EndGlobal
